
Microsoft Visual Studio Solution File, Format Version 12.00
# Visual Studio 15
VisualStudioVersion = 15.0.26730.12
MinimumVisualStudioVersion = 10.0.40219.1
Project("{FAE04EC0-301F-11D3-BF4B-00C04F79EFBC}") = "Exp4", "Exp4\Exp4.csproj", "{4368D6C8-2D58-4499-8F46-089BA18E81AF}"
EndProject
Global
	GlobalSection(SolutionConfigurationPlatforms) = preSolution
		Debug|Any CPU = Debug|Any CPU
		Release|Any CPU = Release|Any CPU
	EndGlobalSection
	GlobalSection(ProjectConfigurationPlatforms) = postSolution
		{4368D6C8-2D58-4499-8F46-089BA18E81AF}.Debug|Any CPU.ActiveCfg = Debug|Any CPU
		{4368D6C8-2D58-4499-8F46-089BA18E81AF}.Debug|Any CPU.Build.0 = Debug|Any CPU
		{4368D6C8-2D58-4499-8F46-089BA18E81AF}.Release|Any CPU.ActiveCfg = Release|Any CPU
		{4368D6C8-2D58-4499-8F46-089BA18E81AF}.Release|Any CPU.Build.0 = Release|Any CPU
	EndGlobalSection
	GlobalSection(SolutionProperties) = preSolution
		HideSolutionNode = FALSE
	EndGlobalSection
	GlobalSection(ExtensibilityGlobals) = postSolution
		SolutionGuid = {8B3DA3FD-8A3B-4272-8864-8793AC56DC48}
	EndGlobalSection
EndGlobal
